
Microsoft Visual Studio Solution File, Format Version 12.00
# Visual Studio Version 17
VisualStudioVersion = 17.13.35818.85
MinimumVisualStudioVersion = 10.0.40219.1
Project("{FAE04EC0-301F-11D3-BF4B-00C04F79EFBC}") = "CloudSpritzers", "CloudSpritzers.csproj", "{9AE2FBEB-6232-45B6-B3FC-7148A79CC0ED}"
EndProject
Project("{FAE04EC0-301F-11D3-BF4B-00C04F79EFBC}") = "CloudSpritzers1", "..\CloudSpritzers1\CloudSpritzers1.csproj", "{D46F7A14-9DB3-4AE3-8040-E0A514E17E3A}"
EndProject
Global
	GlobalSection(SolutionConfigurationPlatforms) = preSolution
		Debug|Any CPU = Debug|Any CPU
		Release|Any CPU = Release|Any CPU
	EndGlobalSection
	GlobalSection(ProjectConfigurationPlatforms) = postSolution
		{9AE2FBEB-6232-45B6-B3FC-7148A79CC0ED}.Debug|Any CPU.ActiveCfg = Debug|Any CPU
		{9AE2FBEB-6232-45B6-B3FC-7148A79CC0ED}.Debug|Any CPU.Build.0 = Debug|Any CPU
		{9AE2FBEB-6232-45B6-B3FC-7148A79CC0ED}.Release|Any CPU.ActiveCfg = Release|Any CPU
		{9AE2FBEB-6232-45B6-B3FC-7148A79CC0ED}.Release|Any CPU.Build.0 = Release|Any CPU
		{D46F7A14-9DB3-4AE3-8040-E0A514E17E3A}.Debug|Any CPU.ActiveCfg = Debug|x64
		{D46F7A14-9DB3-4AE3-8040-E0A514E17E3A}.Debug|Any CPU.Build.0 = Debug|x64
		{D46F7A14-9DB3-4AE3-8040-E0A514E17E3A}.Debug|Any CPU.Deploy.0 = Debug|x64
		{D46F7A14-9DB3-4AE3-8040-E0A514E17E3A}.Release|Any CPU.ActiveCfg = Release|x64
		{D46F7A14-9DB3-4AE3-8040-E0A514E17E3A}.Release|Any CPU.Build.0 = Release|x64
		{D46F7A14-9DB3-4AE3-8040-E0A514E17E3A}.Release|Any CPU.Deploy.0 = Release|x64
	EndGlobalSection
	GlobalSection(SolutionProperties) = preSolution
		HideSolutionNode = FALSE
	EndGlobalSection
	GlobalSection(ExtensibilityGlobals) = postSolution
		SolutionGuid = {6D890B73-173E-41D6-BD9E-E312741A84F1}
	EndGlobalSection
EndGlobal
